
Microsoft Visual Studio Solution File, Format Version 12.00
# Visual Studio Version 16
VisualStudioVersion = 16.0.31402.337
MinimumVisualStudioVersion = 10.0.40219.1
Project("{FAE04EC0-301F-11D3-BF4B-00C04F79EFBC}") = "LibraryManagerWebAPI", "LibraryManagerWebAPI\LibraryManagerWebAPI.csproj", "{10DD8D46-FFF0-4CFF-8B50-1ABCBBA151E5}"
EndProject
Project("{FAE04EC0-301F-11D3-BF4B-00C04F79EFBC}") = "DAOLibrary", "DAOLibrary\DAOLibrary.csproj", "{CC39DDDC-CFF9-48D2-9780-BBFF495EE277}"
EndProject
Global
	GlobalSection(SolutionConfigurationPlatforms) = preSolution
		Debug|Any CPU = Debug|Any CPU
		Release|Any CPU = Release|Any CPU
	EndGlobalSection
	GlobalSection(ProjectConfigurationPlatforms) = postSolution
		{10DD8D46-FFF0-4CFF-8B50-1ABCBBA151E5}.Debug|Any CPU.ActiveCfg = Debug|Any CPU
		{10DD8D46-FFF0-4CFF-8B50-1ABCBBA151E5}.Debug|Any CPU.Build.0 = Debug|Any CPU
		{10DD8D46-FFF0-4CFF-8B50-1ABCBBA151E5}.Release|Any CPU.ActiveCfg = Release|Any CPU
		{10DD8D46-FFF0-4CFF-8B50-1ABCBBA151E5}.Release|Any CPU.Build.0 = Release|Any CPU
		{CC39DDDC-CFF9-48D2-9780-BBFF495EE277}.Debug|Any CPU.ActiveCfg = Debug|Any CPU
		{CC39DDDC-CFF9-48D2-9780-BBFF495EE277}.Debug|Any CPU.Build.0 = Debug|Any CPU
		{CC39DDDC-CFF9-48D2-9780-BBFF495EE277}.Release|Any CPU.ActiveCfg = Release|Any CPU
		{CC39DDDC-CFF9-48D2-9780-BBFF495EE277}.Release|Any CPU.Build.0 = Release|Any CPU
	EndGlobalSection
	GlobalSection(SolutionProperties) = preSolution
		HideSolutionNode = FALSE
	EndGlobalSection
	GlobalSection(ExtensibilityGlobals) = postSolution
		SolutionGuid = {A1F5D004-574D-418E-AF90-E96914E49B9C}
	EndGlobalSection
EndGlobal
